
Microsoft Visual Studio Solution File, Format Version 12.00
# Visual Studio 15
VisualStudioVersion = 15.0.27428.2015
MinimumVisualStudioVersion = 10.0.40219.1
Project("{FAE04EC0-301F-11D3-BF4B-00C04F79EFBC}") = "SchoolDBClient", "SchoolDBClient\SchoolDBClient.csproj", "{FA3BEFFE-5040-4B37-AA75-FFD1A2C5781F}"
EndProject
Global
	GlobalSection(SolutionConfigurationPlatforms) = preSolution
		Debug|Any CPU = Debug|Any CPU
		Release|Any CPU = Release|Any CPU
	EndGlobalSection
	GlobalSection(ProjectConfigurationPlatforms) = postSolution
		{FA3BEFFE-5040-4B37-AA75-FFD1A2C5781F}.Debug|Any CPU.ActiveCfg = Debug|Any CPU
		{FA3BEFFE-5040-4B37-AA75-FFD1A2C5781F}.Debug|Any CPU.Build.0 = Debug|Any CPU
		{FA3BEFFE-5040-4B37-AA75-FFD1A2C5781F}.Release|Any CPU.ActiveCfg = Release|Any CPU
		{FA3BEFFE-5040-4B37-AA75-FFD1A2C5781F}.Release|Any CPU.Build.0 = Release|Any CPU
	EndGlobalSection
	GlobalSection(SolutionProperties) = preSolution
		HideSolutionNode = FALSE
	EndGlobalSection
	GlobalSection(ExtensibilityGlobals) = postSolution
		SolutionGuid = {C7F61ED2-7A09-4CF4-A1AD-C9C253E19FA6}
	EndGlobalSection
EndGlobal
