
Microsoft Visual Studio Solution File, Format Version 12.00
# Visual Studio 15
VisualStudioVersion = 15.0.27130.2010
MinimumVisualStudioVersion = 10.0.40219.1
Project("{00D1A9C2-B5F0-4AF3-8072-F6C62B433612}") = "BugTrackerDB", "BugTrackerDB\BugTrackerDB.sqlproj", "{CEFB0044-92B3-4AAA-8ED2-4D19A9AE3C67}"
EndProject
Global
	GlobalSection(SolutionConfigurationPlatforms) = preSolution
		Debug|Any CPU = Debug|Any CPU
		Release|Any CPU = Release|Any CPU
	EndGlobalSection
	GlobalSection(ProjectConfigurationPlatforms) = postSolution
		{CEFB0044-92B3-4AAA-8ED2-4D19A9AE3C67}.Debug|Any CPU.ActiveCfg = Debug|Any CPU
		{CEFB0044-92B3-4AAA-8ED2-4D19A9AE3C67}.Debug|Any CPU.Build.0 = Debug|Any CPU
		{CEFB0044-92B3-4AAA-8ED2-4D19A9AE3C67}.Debug|Any CPU.Deploy.0 = Debug|Any CPU
		{CEFB0044-92B3-4AAA-8ED2-4D19A9AE3C67}.Release|Any CPU.ActiveCfg = Release|Any CPU
		{CEFB0044-92B3-4AAA-8ED2-4D19A9AE3C67}.Release|Any CPU.Build.0 = Release|Any CPU
		{CEFB0044-92B3-4AAA-8ED2-4D19A9AE3C67}.Release|Any CPU.Deploy.0 = Release|Any CPU
	EndGlobalSection
	GlobalSection(SolutionProperties) = preSolution
		HideSolutionNode = FALSE
	EndGlobalSection
	GlobalSection(ExtensibilityGlobals) = postSolution
		SolutionGuid = {7A015D4F-4C09-4C61-920B-7AD877B26F52}
	EndGlobalSection
EndGlobal
