
Microsoft Visual Studio Solution File, Format Version 12.00
# Visual Studio 15
VisualStudioVersion = 15.0.27130.2036
MinimumVisualStudioVersion = 10.0.40219.1
Project("{FAE04EC0-301F-11D3-BF4B-00C04F79EFBC}") = "AppDBDatalayer", "AppDBDatalayer\AppDBDatalayer.csproj", "{2473AA50-3D9D-4F11-AD34-ABE98C6ED624}"
EndProject
Project("{FAE04EC0-301F-11D3-BF4B-00C04F79EFBC}") = "AppDBConsole", "AppDBConsole\AppDBConsole.csproj", "{543188F9-107B-41FA-9E8E-4B342369EB86}"
EndProject
Project("{FAE04EC0-301F-11D3-BF4B-00C04F79EFBC}") = "AppDBApi", "AppDBApi\AppDBApi.csproj", "{51B53EE5-5FD5-44C6-83AA-AE750A4FACE7}"
EndProject
Global
	GlobalSection(SolutionConfigurationPlatforms) = preSolution
		Debug|Any CPU = Debug|Any CPU
		Release|Any CPU = Release|Any CPU
	EndGlobalSection
	GlobalSection(ProjectConfigurationPlatforms) = postSolution
		{2473AA50-3D9D-4F11-AD34-ABE98C6ED624}.Debug|Any CPU.ActiveCfg = Debug|Any CPU
		{2473AA50-3D9D-4F11-AD34-ABE98C6ED624}.Debug|Any CPU.Build.0 = Debug|Any CPU
		{2473AA50-3D9D-4F11-AD34-ABE98C6ED624}.Release|Any CPU.ActiveCfg = Release|Any CPU
		{2473AA50-3D9D-4F11-AD34-ABE98C6ED624}.Release|Any CPU.Build.0 = Release|Any CPU
		{543188F9-107B-41FA-9E8E-4B342369EB86}.Debug|Any CPU.ActiveCfg = Debug|Any CPU
		{543188F9-107B-41FA-9E8E-4B342369EB86}.Debug|Any CPU.Build.0 = Debug|Any CPU
		{543188F9-107B-41FA-9E8E-4B342369EB86}.Release|Any CPU.ActiveCfg = Release|Any CPU
		{543188F9-107B-41FA-9E8E-4B342369EB86}.Release|Any CPU.Build.0 = Release|Any CPU
		{51B53EE5-5FD5-44C6-83AA-AE750A4FACE7}.Debug|Any CPU.ActiveCfg = Debug|Any CPU
		{51B53EE5-5FD5-44C6-83AA-AE750A4FACE7}.Debug|Any CPU.Build.0 = Debug|Any CPU
		{51B53EE5-5FD5-44C6-83AA-AE750A4FACE7}.Release|Any CPU.ActiveCfg = Release|Any CPU
		{51B53EE5-5FD5-44C6-83AA-AE750A4FACE7}.Release|Any CPU.Build.0 = Release|Any CPU
	EndGlobalSection
	GlobalSection(SolutionProperties) = preSolution
		HideSolutionNode = FALSE
	EndGlobalSection
	GlobalSection(ExtensibilityGlobals) = postSolution
		SolutionGuid = {449AD32F-2B4D-4EC2-B207-100E8143C903}
	EndGlobalSection
EndGlobal
